
Microsoft Visual Studio Solution File, Format Version 12.00
# Visual Studio Version 17
VisualStudioVersion = 17.10.35013.160
MinimumVisualStudioVersion = 10.0.40219.1
Project("{9A19103F-16F7-4668-BE54-9A1E7A4F7556}") = "WpfExplorer", "WpfExplorer\WpfExplorer.csproj", "{DAB85681-13D4-4047-BD4C-872FF836F79E}"
EndProject
Project("{9A19103F-16F7-4668-BE54-9A1E7A4F7556}") = "WpfExplorer.Support", "WpfExplorer.Support\WpfExplorer.Support.csproj", "{3AB58C7F-D5AB-4019-8BFF-D992A8EE3EC5}"
EndProject
Project("{9A19103F-16F7-4668-BE54-9A1E7A4F7556}") = "WpfExplorer.Forms", "WpfExplorer.Forms\WpfExplorer.Forms.csproj", "{467B3E33-0A82-4DCE-978E-7FE15B2BE0AB}"
EndProject
Project("{FAE04EC0-301F-11D3-BF4B-00C04F79EFBC}") = "WpfExplorer.Main", "WpfExplorer.Main\WpfExplorer.Main.csproj", "{F955165F-FF25-4B35-9A1A-3D9EB93B508D}"
EndProject
Global
	GlobalSection(SolutionConfigurationPlatforms) = preSolution
		Debug|Any CPU = Debug|Any CPU
		Release|Any CPU = Release|Any CPU
	EndGlobalSection
	GlobalSection(ProjectConfigurationPlatforms) = postSolution
		{DAB85681-13D4-4047-BD4C-872FF836F79E}.Debug|Any CPU.ActiveCfg = Debug|Any CPU
		{DAB85681-13D4-4047-BD4C-872FF836F79E}.Debug|Any CPU.Build.0 = Debug|Any CPU
		{DAB85681-13D4-4047-BD4C-872FF836F79E}.Release|Any CPU.ActiveCfg = Release|Any CPU
		{DAB85681-13D4-4047-BD4C-872FF836F79E}.Release|Any CPU.Build.0 = Release|Any CPU
		{3AB58C7F-D5AB-4019-8BFF-D992A8EE3EC5}.Debug|Any CPU.ActiveCfg = Debug|Any CPU
		{3AB58C7F-D5AB-4019-8BFF-D992A8EE3EC5}.Debug|Any CPU.Build.0 = Debug|Any CPU
		{3AB58C7F-D5AB-4019-8BFF-D992A8EE3EC5}.Release|Any CPU.ActiveCfg = Release|Any CPU
		{3AB58C7F-D5AB-4019-8BFF-D992A8EE3EC5}.Release|Any CPU.Build.0 = Release|Any CPU
		{467B3E33-0A82-4DCE-978E-7FE15B2BE0AB}.Debug|Any CPU.ActiveCfg = Debug|Any CPU
		{467B3E33-0A82-4DCE-978E-7FE15B2BE0AB}.Debug|Any CPU.Build.0 = Debug|Any CPU
		{467B3E33-0A82-4DCE-978E-7FE15B2BE0AB}.Release|Any CPU.ActiveCfg = Release|Any CPU
		{467B3E33-0A82-4DCE-978E-7FE15B2BE0AB}.Release|Any CPU.Build.0 = Release|Any CPU
		{F955165F-FF25-4B35-9A1A-3D9EB93B508D}.Debug|Any CPU.ActiveCfg = Debug|Any CPU
		{F955165F-FF25-4B35-9A1A-3D9EB93B508D}.Debug|Any CPU.Build.0 = Debug|Any CPU
		{F955165F-FF25-4B35-9A1A-3D9EB93B508D}.Release|Any CPU.ActiveCfg = Release|Any CPU
		{F955165F-FF25-4B35-9A1A-3D9EB93B508D}.Release|Any CPU.Build.0 = Release|Any CPU
	EndGlobalSection
	GlobalSection(SolutionProperties) = preSolution
		HideSolutionNode = FALSE
	EndGlobalSection
	GlobalSection(ExtensibilityGlobals) = postSolution
		SolutionGuid = {8BC62955-D5E0-41DF-9089-1051378637A3}
	EndGlobalSection
EndGlobal
